
Microsoft Visual Studio Solution File, Format Version 12.00
# Visual Studio Version 16
VisualStudioVersion = 16.0.29230.47
MinimumVisualStudioVersion = 10.0.40219.1
Project("{FAE04EC0-301F-11D3-BF4B-00C04F79EFBC}") = "GaMAQ", "GaMAQ\GaMAQ.csproj", "{E97524F3-AC8F-4C25-9497-E627C5F0F2A2}"
EndProject
Project("{FAE04EC0-301F-11D3-BF4B-00C04F79EFBC}") = "NodeGA", "NodeGA\NodeGA.csproj", "{21A2C93F-C128-408A-AE50-8CB296BED697}"
EndProject
Project("{FAE04EC0-301F-11D3-BF4B-00C04F79EFBC}") = "RandomMAQ", "RdmMAQ\RandomMAQ.csproj", "{2403314F-9B09-4C4D-B841-FF77346AD8F3}"
EndProject
Global
	GlobalSection(SolutionConfigurationPlatforms) = preSolution
		Debug|Any CPU = Debug|Any CPU
		Release|Any CPU = Release|Any CPU
	EndGlobalSection
	GlobalSection(ProjectConfigurationPlatforms) = postSolution
		{E97524F3-AC8F-4C25-9497-E627C5F0F2A2}.Debug|Any CPU.ActiveCfg = Debug|Any CPU
		{E97524F3-AC8F-4C25-9497-E627C5F0F2A2}.Debug|Any CPU.Build.0 = Debug|Any CPU
		{E97524F3-AC8F-4C25-9497-E627C5F0F2A2}.Release|Any CPU.ActiveCfg = Release|Any CPU
		{E97524F3-AC8F-4C25-9497-E627C5F0F2A2}.Release|Any CPU.Build.0 = Release|Any CPU
		{21A2C93F-C128-408A-AE50-8CB296BED697}.Debug|Any CPU.ActiveCfg = Debug|Any CPU
		{21A2C93F-C128-408A-AE50-8CB296BED697}.Debug|Any CPU.Build.0 = Debug|Any CPU
		{21A2C93F-C128-408A-AE50-8CB296BED697}.Release|Any CPU.ActiveCfg = Release|Any CPU
		{21A2C93F-C128-408A-AE50-8CB296BED697}.Release|Any CPU.Build.0 = Release|Any CPU
		{2403314F-9B09-4C4D-B841-FF77346AD8F3}.Debug|Any CPU.ActiveCfg = Debug|Any CPU
		{2403314F-9B09-4C4D-B841-FF77346AD8F3}.Debug|Any CPU.Build.0 = Debug|Any CPU
		{2403314F-9B09-4C4D-B841-FF77346AD8F3}.Release|Any CPU.ActiveCfg = Release|Any CPU
		{2403314F-9B09-4C4D-B841-FF77346AD8F3}.Release|Any CPU.Build.0 = Release|Any CPU
	EndGlobalSection
	GlobalSection(SolutionProperties) = preSolution
		HideSolutionNode = FALSE
	EndGlobalSection
	GlobalSection(ExtensibilityGlobals) = postSolution
		SolutionGuid = {6E35934C-EAB1-4AA6-808B-73A466B05071}
	EndGlobalSection
EndGlobal
